<Solution>
  <Folder Name="/docs/" Id="a576d511-a7dd-48da-89d2-a534742656e6">
    <File Path="docs/dotnet-10-migration.md" />
    <File Path="docs/game-rules-api.md" />
    <File Path="docs/game-rules-validation.md" />
    <File Path="docs/known-issues.md" />
  </Folder>
  <Folder Name="/scripts/" Id="9f3eeaa3-c0d2-4d93-af81-f93234779361">
    <File Path="scripts/Verify-SolutionStructure.ps1" />
  </Folder>
  <Folder Name="/src/" Id="7cc56138-8080-42ef-beb6-c075dac09fd8">
    <Project Path="src/ChessRealms.ChessEngine.Benchmark/ChessRealms.ChessEngine.Benchmark.csproj" Id="029e70a1-269b-4f1f-a132-60011e54392d" Type="9a19103f-16f7-4668-be54-9a1e7a4f7556" />
    <Project Path="src/ChessRealms.ChessEngine.Console/ChessRealms.ChessEngine.Console.csproj" Id="ced75849-6a1d-4150-879d-103dfcd5c547" Type="fae04ec0-301f-11d3-bf4b-00c04f79efbc" />
    <Project Path="src/ChessRealms.ChessEngine.Perft/ChessRealms.ChessEngine.Perft.csproj" Id="2c20d484-be51-452b-a393-f8f0c969f72e" Type="9a19103f-16f7-4668-be54-9a1e7a4f7556" />
    <Project Path="src/ChessRealms.ChessEngine.Tests/ChessRealms.ChessEngine.Tests.csproj" Id="530985ce-2bd3-437a-8c66-c50a98cea318" Type="9a19103f-16f7-4668-be54-9a1e7a4f7556" />
    <Project Path="src/ChessRealms.ChessEngine/ChessRealms.ChessEngine.csproj" Id="e8906e4a-0ddd-45e8-8c0b-8fbb4b5d832a" Type="9a19103f-16f7-4668-be54-9a1e7a4f7556" />
    <Project Path="src/ChessRealms.MagicBruteforce/ChessRealms.MagicBruteforce.csproj" Id="5c55e3ca-2541-4ea4-b4b6-3c5aae87fb9d" Type="9a19103f-16f7-4668-be54-9a1e7a4f7556" />
  </Folder>
</Solution>
